{
  "name": "invoice-php",
  "lockfileVersion": 3,
  "requires": true,
  "packages": {
    "": {
      "dependencies": {
        "inputmask": "^5.0.6",
        "jquery-number": "^2.1.6",
        "sweetalert2": "^11.7.3"
      }
    },
    "node_modules/inputmask": {
      "version": "5.0.6",
      "resolved": "https://registry.npmjs.org/inputmask/-/inputmask-5.0.6.tgz",
      "integrity": "sha512-/QjZuOEB7fJKMEu3xKL3LlycctMmK53Zr/fGSFtcjrfYxXks93iptutYowWNR1oUsHr2QIzy6V3MMYz07P2Cfw=="
    },
    "node_modules/jquery-number": {
      "version": "2.1.6",
      "resolved": "https://registry.npmjs.org/jquery-number/-/jquery-number-2.1.6.tgz",
      "integrity": "sha512-vf0zXpiri5zHa5wGZy16LmdMUSl1BCAD0Bt49IU2f+3S2fPvYzs70T8dGHSBJnNXrHZcGMPVpf1X3R430cFmnA=="
    },
    "node_modules/sweetalert2": {
      "version": "11.7.3",
      "resolved": "https://registry.npmjs.org/sweetalert2/-/sweetalert2-11.7.3.tgz",
      "integrity": "sha512-fUN/fyVSBZNtY4Rr/Qtxn7tNNnlRAbUhQxTQ9uOo0xVMIHBmqq4/9pau5N9dB2pvkB353XL/ywRAycscLoYU3w==",
      "funding": {
        "type": "individual",
        "url": "https://github.com/sponsors/limonte"
      }
    }
  }
}
